
Microsoft Visual Studio Solution File, Format Version 12.00
# Visual Studio Version 17
VisualStudioVersion = 17.11.35312.102
MinimumVisualStudioVersion = 10.0.40219.1
Project("{FAE04EC0-301F-11D3-BF4B-00C04F79EFBC}") = "Zad1", "Zad1\Zad1.csproj", "{30DCEB42-6024-4202-8891-DF315416D4C8}"
EndProject
Global
	GlobalSection(SolutionConfigurationPlatforms) = preSolution
		Debug|Any CPU = Debug|Any CPU
		Release|Any CPU = Release|Any CPU
	EndGlobalSection
	GlobalSection(ProjectConfigurationPlatforms) = postSolution
		{30DCEB42-6024-4202-8891-DF315416D4C8}.Debug|Any CPU.ActiveCfg = Debug|Any CPU
		{30DCEB42-6024-4202-8891-DF315416D4C8}.Debug|Any CPU.Build.0 = Debug|Any CPU
		{30DCEB42-6024-4202-8891-DF315416D4C8}.Release|Any CPU.ActiveCfg = Release|Any CPU
		{30DCEB42-6024-4202-8891-DF315416D4C8}.Release|Any CPU.Build.0 = Release|Any CPU
	EndGlobalSection
	GlobalSection(SolutionProperties) = preSolution
		HideSolutionNode = FALSE
	EndGlobalSection
	GlobalSection(ExtensibilityGlobals) = postSolution
		SolutionGuid = {7CF17AC0-2F04-4909-B453-FA18F436676F}
	EndGlobalSection
EndGlobal
