
Microsoft Visual Studio Solution File, Format Version 12.00
# Visual Studio Version 17
VisualStudioVersion = 17.11.35312.102
MinimumVisualStudioVersion = 10.0.40219.1
Project("{FAE04EC0-301F-11D3-BF4B-00C04F79EFBC}") = "OOP-Basics", "OOP-Basics.csproj", "{D61C14C0-CC08-44AB-BEC7-F56D66EBD4EE}"
EndProject
Global
	GlobalSection(SolutionConfigurationPlatforms) = preSolution
		Debug|Any CPU = Debug|Any CPU
		Release|Any CPU = Release|Any CPU
	EndGlobalSection
	GlobalSection(ProjectConfigurationPlatforms) = postSolution
		{D61C14C0-CC08-44AB-BEC7-F56D66EBD4EE}.Debug|Any CPU.ActiveCfg = Debug|Any CPU
		{D61C14C0-CC08-44AB-BEC7-F56D66EBD4EE}.Debug|Any CPU.Build.0 = Debug|Any CPU
		{D61C14C0-CC08-44AB-BEC7-F56D66EBD4EE}.Release|Any CPU.ActiveCfg = Release|Any CPU
		{D61C14C0-CC08-44AB-BEC7-F56D66EBD4EE}.Release|Any CPU.Build.0 = Release|Any CPU
	EndGlobalSection
	GlobalSection(SolutionProperties) = preSolution
		HideSolutionNode = FALSE
	EndGlobalSection
	GlobalSection(ExtensibilityGlobals) = postSolution
		SolutionGuid = {67CF506A-899D-43BC-B2A0-498AD3A4C15F}
	EndGlobalSection
EndGlobal
