
Microsoft Visual Studio Solution File, Format Version 12.00
# Visual Studio Version 17
VisualStudioVersion = 17.11.35312.102
MinimumVisualStudioVersion = 10.0.40219.1
Project("{FAE04EC0-301F-11D3-BF4B-00C04F79EFBC}") = "GooseJump", "GooseJump.csproj", "{2B1CE0B7-EA83-4B93-B62A-09BB0FEFB700}"
EndProject
Global
	GlobalSection(SolutionConfigurationPlatforms) = preSolution
		Debug|Any CPU = Debug|Any CPU
		Release|Any CPU = Release|Any CPU
	EndGlobalSection
	GlobalSection(ProjectConfigurationPlatforms) = postSolution
		{2B1CE0B7-EA83-4B93-B62A-09BB0FEFB700}.Debug|Any CPU.ActiveCfg = Debug|Any CPU
		{2B1CE0B7-EA83-4B93-B62A-09BB0FEFB700}.Debug|Any CPU.Build.0 = Debug|Any CPU
		{2B1CE0B7-EA83-4B93-B62A-09BB0FEFB700}.Release|Any CPU.ActiveCfg = Release|Any CPU
		{2B1CE0B7-EA83-4B93-B62A-09BB0FEFB700}.Release|Any CPU.Build.0 = Release|Any CPU
	EndGlobalSection
	GlobalSection(SolutionProperties) = preSolution
		HideSolutionNode = FALSE
	EndGlobalSection
	GlobalSection(ExtensibilityGlobals) = postSolution
		SolutionGuid = {14307601-FC10-48B6-8675-8943D2D47B33}
	EndGlobalSection
EndGlobal
